
Microsoft Visual Studio Solution File, Format Version 12.00
# Visual Studio 15
VisualStudioVersion = 15.0.26730.8
MinimumVisualStudioVersion = 10.0.40219.1
Project("{FAE04EC0-301F-11D3-BF4B-00C04F79EFBC}") = "WebApiSampleProject", "WebApiSampleProject\WebApiSampleProject.csproj", "{5840AF1A-3A8D-47EC-AF98-52693CAA4332}"
EndProject
Global
	GlobalSection(SolutionConfigurationPlatforms) = preSolution
		Debug|Any CPU = Debug|Any CPU
		Release|Any CPU = Release|Any CPU
	EndGlobalSection
	GlobalSection(ProjectConfigurationPlatforms) = postSolution
		{5840AF1A-3A8D-47EC-AF98-52693CAA4332}.Debug|Any CPU.ActiveCfg = Debug|Any CPU
		{5840AF1A-3A8D-47EC-AF98-52693CAA4332}.Debug|Any CPU.Build.0 = Debug|Any CPU
		{5840AF1A-3A8D-47EC-AF98-52693CAA4332}.Release|Any CPU.ActiveCfg = Release|Any CPU
		{5840AF1A-3A8D-47EC-AF98-52693CAA4332}.Release|Any CPU.Build.0 = Release|Any CPU
	EndGlobalSection
	GlobalSection(SolutionProperties) = preSolution
		HideSolutionNode = FALSE
	EndGlobalSection
	GlobalSection(ExtensibilityGlobals) = postSolution
		SolutionGuid = {D8D0ACD5-2104-41C7-ADD8-1BC02A9A860A}
	EndGlobalSection
EndGlobal
